// !$*UTF8*$!
{
	archiveVersion = 1;
	classes = {
	};
	objectVersion = 51;
	objects = {

/* Begin PBXBuildFile section */
		D33F7E6E230FD53A00AB4755 /* AppDelegate.swift in Sources */ = {isa = PBXBuildFile; fileRef = D33F7E6D230FD53A00AB4755 /* AppDelegate.swift */; };
		D33F7E70230FD53A00AB4755 /* ViewController.swift in Sources */ = {isa = PBXBuildFile; fileRef = D33F7E6F230FD53A00AB4755 /* ViewController.swift */; };
		D33F7E73230FD53A00AB4755 /* Main.storyboard in Resources */ = {isa = PBXBuildFile; fileRef = D33F7E71230FD53A00AB4755 /* Main.storyboard */; };
		D33F7E75230FD53B00AB4755 /* Assets.xcassets in Resources */ = {isa = PBXBuildFile; fileRef = D33F7E74230FD53B00AB4755 /* Assets.xcassets */; };
		D33F7E78230FD53B00AB4755 /* LaunchScreen.storyboard in Resources */ = {isa = PBXBuildFile; fileRef = D33F7E76230FD53B00AB4755 /* LaunchScreen.storyboard */; };
		D33F7E83230FD53C00AB4755 /* PhotoSharerTests.swift in Sources */ = {isa = PBXBuildFile; fileRef = D33F7E82230FD53C00AB4755 /* PhotoSharerTests.swift */; };
		D33F7E8E230FD53C00AB4755 /* PhotoSharerUITests.swift in Sources */ = {isa = PBXBuildFile; fileRef = D33F7E8D230FD53C00AB4755 /* PhotoSharerUITests.swift */; };
		D33F7E9C230FE62000AB4755 /* ImagePickerCell.swift in Sources */ = {isa = PBXBuildFile; fileRef = D33F7E9B230FE62000AB4755 /* ImagePickerCell.swift */; };
		EFFDDB1604C081A1F3BBFC8D /* Pods_PhotoSharer.framework in Frameworks */ = {isa = PBXBuildFile; fileRef = 429D85C226F1C716B5DFE735 /* Pods_PhotoSharer.framework */; };
/* End PBXBuildFile section */

/* Begin PBXContainerItemProxy section */
		D33F7E7F230FD53C00AB4755 /* PBXContainerItemProxy */ = {
			isa = PBXContainerItemProxy;
			containerPortal = D33F7E62230FD53A00AB4755 /* Project object */;
			proxyType = 1;
			remoteGlobalIDString = D33F7E69230FD53A00AB4755;
			remoteInfo = PhotoSharer;
		};
		D33F7E8A230FD53C00AB4755 /* PBXContainerItemProxy */ = {
			isa = PBXContainerItemProxy;
			containerPortal = D33F7E62230FD53A00AB4755 /* Project object */;
			proxyType = 1;
			remoteGlobalIDString = D33F7E69230FD53A00AB4755;
			remoteInfo = PhotoSharer;
		};
/* End PBXContainerItemProxy section */

/* Begin PBXFileReference section */
		20C968F5FF721892212B7DCE /* Pods-PhotoSharer.debug.xcconfig */ = {isa = PBXFileReference; includeInIndex = 1; lastKnownFileType = text.xcconfig; name = "Pods-PhotoSharer.debug.xcconfig"; path = "Target Support Files/Pods-PhotoSharer/Pods-PhotoSharer.debug.xcconfig"; sourceTree = "<group>"; };
		429D85C226F1C716B5DFE735 /* Pods_PhotoSharer.framework */ = {isa = PBXFileReference; explicitFileType = wrapper.framework; includeInIndex = 0; path = Pods_PhotoSharer.framework; sourceTree = BUILT_PRODUCTS_DIR; };
		5DDD82BDA9DAABE8980CEB1F /* Pods-PhotoSharer.release.xcconfig */ = {isa = PBXFileReference; includeInIndex = 1; lastKnownFileType = text.xcconfig; name = "Pods-PhotoSharer.release.xcconfig"; path = "Target Support Files/Pods-PhotoSharer/Pods-PhotoSharer.release.xcconfig"; sourceTree = "<group>"; };
		D33F7E6A230FD53A00AB4755 /* PhotoSharer.app */ = {isa = PBXFileReference; explicitFileType = wrapper.application; includeInIndex = 0; path = PhotoSharer.app; sourceTree = BUILT_PRODUCTS_DIR; };
		D33F7E6D230FD53A00AB4755 /* AppDelegate.swift */ = {isa = PBXFileReference; lastKnownFileType = sourcecode.swift; path = AppDelegate.swift; sourceTree = "<group>"; };
		D33F7E6F230FD53A00AB4755 /* ViewController.swift */ = {isa = PBXFileReference; lastKnownFileType = sourcecode.swift; path = ViewController.swift; sourceTree = "<group>"; };
		D33F7E72230FD53A00AB4755 /* Base */ = {isa = PBXFileReference; lastKnownFileType = file.storyboard; name = Base; path = Base.lproj/Main.storyboard; sourceTree = "<group>"; };
		D33F7E74230FD53B00AB4755 /* Assets.xcassets */ = {isa = PBXFileReference; lastKnownFileType = folder.assetcatalog; path = Assets.xcassets; sourceTree = "<group>"; };
		D33F7E77230FD53B00AB4755 /* Base */ = {isa = PBXFileReference; lastKnownFileType = file.storyboard; name = Base; path = Base.lproj/LaunchScreen.storyboard; sourceTree = "<group>"; };
		D33F7E79230FD53C00AB4755 /* Info.plist */ = {isa = PBXFileReference; lastKnownFileType = text.plist.xml; path = Info.plist; sourceTree = "<group>"; };
		D33F7E7E230FD53C00AB4755 /* PhotoSharerTests.xctest */ = {isa = PBXFileReference; explicitFileType = wrapper.cfbundle; includeInIndex = 0; path = PhotoSharerTests.xctest; sourceTree = BUILT_PRODUCTS_DIR; };
		D33F7E82230FD53C00AB4755 /* PhotoSharerTests.swift */ = {isa = PBXFileReference; lastKnownFileType = sourcecode.swift; path = PhotoSharerTests.swift; sourceTree = "<group>"; };
		D33F7E84230FD53C00AB4755 /* Info.plist */ = {isa = PBXFileReference; lastKnownFileType = text.plist.xml; path = Info.plist; sourceTree = "<group>"; };
		D33F7E89230FD53C00AB4755 /* PhotoSharerUITests.xctest */ = {isa = PBXFileReference; explicitFileType = wrapper.cfbundle; includeInIndex = 0; path = PhotoSharerUITests.xctest; sourceTree = BUILT_PRODUCTS_DIR; };
		D33F7E8D230FD53C00AB4755 /* PhotoSharerUITests.swift */ = {isa = PBXFileReference; lastKnownFileType = sourcecode.swift; path = PhotoSharerUITests.swift; sourceTree = "<group>"; };
		D33F7E8F230FD53C00AB4755 /* Info.plist */ = {isa = PBXFileReference; lastKnownFileType = text.plist.xml; path = Info.plist; sourceTree = "<group>"; };
		D33F7E9B230FE62000AB4755 /* ImagePickerCell.swift */ = {isa = PBXFileReference; lastKnownFileType = sourcecode.swift; path = ImagePickerCell.swift; sourceTree = "<group>"; };
/* End PBXFileReference section */

/* Begin PBXFrameworksBuildPhase section */
		D33F7E67230FD53A00AB4755 /* Frameworks */ = {
			isa = PBXFrameworksBuildPhase;
			buildActionMask = 2147483647;
			files = (
				EFFDDB1604C081A1F3BBFC8D /* Pods_PhotoSharer.framework in Frameworks */,
			);
			runOnlyForDeploymentPostprocessing = 0;
		};
		D33F7E7B230FD53C00AB4755 /* Frameworks */ = {
			isa = PBXFrameworksBuildPhase;
			buildActionMask = 2147483647;
			files = (
			);
			runOnlyForDeploymentPostprocessing = 0;
		};
		D33F7E86230FD53C00AB4755 /* Frameworks */ = {
			isa = PBXFrameworksBuildPhase;
			buildActionMask = 2147483647;
			files = (
			);
			runOnlyForDeploymentPostprocessing = 0;
		};
/* End PBXFrameworksBuildPhase section */

/* Begin PBXGroup section */
		3958E9A403B6DC3BF968E2CC /* Frameworks */ = {
			isa = PBXGroup;
			children = (
				429D85C226F1C716B5DFE735 /* Pods_PhotoSharer.framework */,
			);
			name = Frameworks;
			sourceTree = "<group>";
		};
		B4A8CD160C0F999799827EA1 /* Pods */ = {
			isa = PBXGroup;
			children = (
				20C968F5FF721892212B7DCE /* Pods-PhotoSharer.debug.xcconfig */,
				5DDD82BDA9DAABE8980CEB1F /* Pods-PhotoSharer.release.xcconfig */,
			);
			path = Pods;
			sourceTree = "<group>";
		};
		D33F7E61230FD53A00AB4755 = {
			isa = PBXGroup;
			children = (
				D33F7E6C230FD53A00AB4755 /* PhotoSharer */,
				D33F7E81230FD53C00AB4755 /* PhotoSharerTests */,
				D33F7E8C230FD53C00AB4755 /* PhotoSharerUITests */,
				D33F7E6B230FD53A00AB4755 /* Products */,
				B4A8CD160C0F999799827EA1 /* Pods */,
				3958E9A403B6DC3BF968E2CC /* Frameworks */,
			);
			sourceTree = "<group>";
		};
		D33F7E6B230FD53A00AB4755 /* Products */ = {
			isa = PBXGroup;
			children = (
				D33F7E6A230FD53A00AB4755 /* PhotoSharer.app */,
				D33F7E7E230FD53C00AB4755 /* PhotoSharerTests.xctest */,
				D33F7E89230FD53C00AB4755 /* PhotoSharerUITests.xctest */,
			);
			name = Products;
			sourceTree = "<group>";
		};
		D33F7E6C230FD53A00AB4755 /* PhotoSharer */ = {
			isa = PBXGroup;
			children = (
				D33F7E6D230FD53A00AB4755 /* AppDelegate.swift */,
				D33F7E6F230FD53A00AB4755 /* ViewController.swift */,
				D33F7E71230FD53A00AB4755 /* Main.storyboard */,
				D33F7E74230FD53B00AB4755 /* Assets.xcassets */,
				D33F7E76230FD53B00AB4755 /* LaunchScreen.storyboard */,
				D33F7E79230FD53C00AB4755 /* Info.plist */,
				D33F7E9B230FE62000AB4755 /* ImagePickerCell.swift */,
			);
			path = PhotoSharer;
			sourceTree = "<group>";
		};
		D33F7E81230FD53C00AB4755 /* PhotoSharerTests */ = {
			isa = PBXGroup;
			children = (
				D33F7E82230FD53C00AB4755 /* PhotoSharerTests.swift */,
				D33F7E84230FD53C00AB4755 /* Info.plist */,
			);
			path = PhotoSharerTests;
			sourceTree = "<group>";
		};
		D33F7E8C230FD53C00AB4755 /* PhotoSharerUITests */ = {
			isa = PBXGroup;
			children = (
				D33F7E8D230FD53C00AB4755 /* PhotoSharerUITests.swift */,
				D33F7E8F230FD53C00AB4755 /* Info.plist */,
			);
			path = PhotoSharerUITests;
			sourceTree = "<group>";
		};
/* End PBXGroup section */

/* Begin PBXNativeTarget section */
		D33F7E69230FD53A00AB4755 /* PhotoSharer */ = {
			isa = PBXNativeTarget;
			buildConfigurationList = D33F7E92230FD53C00AB4755 /* Build configuration list for PBXNativeTarget "PhotoSharer" */;
			buildPhases = (
				B75CFFE63182ABF06A700ECB /* [CP] Check Pods Manifest.lock */,
				D33F7E66230FD53A00AB4755 /* Sources */,
				D33F7E67230FD53A00AB4755 /* Frameworks */,
				D33F7E68230FD53A00AB4755 /* Resources */,
				20B82AE7CB82B4D7CAF65E5F /* [CP] Embed Pods Frameworks */,
				650FC8C576407548FBD2B765 /* [CP] Copy Pods Resources */,
			);
			buildRules = (
			);
			dependencies = (
			);
			name = PhotoSharer;
			productName = PhotoSharer;
			productReference = D33F7E6A230FD53A00AB4755 /* PhotoSharer.app */;
			productType = "com.apple.product-type.application";
		};
		D33F7E7D230FD53C00AB4755 /* PhotoSharerTests */ = {
			isa = PBXNativeTarget;
			buildConfigurationList = D33F7E95230FD53C00AB4755 /* Build configuration list for PBXNativeTarget "PhotoSharerTests" */;
			buildPhases = (
				D33F7E7A230FD53C00AB4755 /* Sources */,
				D33F7E7B230FD53C00AB4755 /* Frameworks */,
				D33F7E7C230FD53C00AB4755 /* Resources */,
			);
			buildRules = (
			);
			dependencies = (
				D33F7E80230FD53C00AB4755 /* PBXTargetDependency */,
			);
			name = PhotoSharerTests;
			productName = PhotoSharerTests;
			productReference = D33F7E7E230FD53C00AB4755 /* PhotoSharerTests.xctest */;
			productType = "com.apple.product-type.bundle.unit-test";
		};
		D33F7E88230FD53C00AB4755 /* PhotoSharerUITests */ = {
			isa = PBXNativeTarget;
			buildConfigurationList = D33F7E98230FD53C00AB4755 /* Build configuration list for PBXNativeTarget "PhotoSharerUITests" */;
			buildPhases = (
				D33F7E85230FD53C00AB4755 /* Sources */,
				D33F7E86230FD53C00AB4755 /* Frameworks */,
				D33F7E87230FD53C00AB4755 /* Resources */,
			);
			buildRules = (
			);
			dependencies = (
				D33F7E8B230FD53C00AB4755 /* PBXTargetDependency */,
			);
			name = PhotoSharerUITests;
			productName = PhotoSharerUITests;
			productReference = D33F7E89230FD53C00AB4755 /* PhotoSharerUITests.xctest */;
			productType = "com.apple.product-type.bundle.ui-testing";
		};
/* End PBXNativeTarget section */

/* Begin PBXProject section */
		D33F7E62230FD53A00AB4755 /* Project object */ = {
			isa = PBXProject;
			attributes = {
				LastSwiftUpdateCheck = 1010;
				LastUpgradeCheck = 1010;
				ORGANIZATIONNAME = dev;
				TargetAttributes = {
					D33F7E69230FD53A00AB4755 = {
						CreatedOnToolsVersion = 10.1;
					};
					D33F7E7D230FD53C00AB4755 = {
						CreatedOnToolsVersion = 10.1;
						TestTargetID = D33F7E69230FD53A00AB4755;
					};
					D33F7E88230FD53C00AB4755 = {
						CreatedOnToolsVersion = 10.1;
						TestTargetID = D33F7E69230FD53A00AB4755;
					};
				};
			};
			buildConfigurationList = D33F7E65230FD53A00AB4755 /* Build configuration list for PBXProject "PhotoSharer" */;
			compatibilityVersion = "Xcode 9.3";
			developmentRegion = en;
			hasScannedForEncodings = 0;
			knownRegions = (
				en,
				Base,
			);
			mainGroup = D33F7E61230FD53A00AB4755;
			productRefGroup = D33F7E6B230FD53A00AB4755 /* Products */;
			projectDirPath = "";
			projectRoot = "";
			targets = (
				D33F7E69230FD53A00AB4755 /* PhotoSharer */,
				D33F7E7D230FD53C00AB4755 /* PhotoSharerTests */,
				D33F7E88230FD53C00AB4755 /* PhotoSharerUITests */,
			);
		};
/* End PBXProject section */

/* Begin PBXResourcesBuildPhase section */
		D33F7E68230FD53A00AB4755 /* Resources */ = {
			isa = PBXResourcesBuildPhase;
			buildActionMask = 2147483647;
			files = (
				D33F7E78230FD53B00AB4755 /* LaunchScreen.storyboard in Resources */,
				D33F7E75230FD53B00AB4755 /* Assets.xcassets in Resources */,
				D33F7E73230FD53A00AB4755 /* Main.storyboard in Resources */,
			);
			runOnlyForDeploymentPostprocessing = 0;
		};
		D33F7E7C230FD53C00AB4755 /* Resources */ = {
			isa = PBXResourcesBuildPhase;
			buildActionMask = 2147483647;
			files = (
			);
			runOnlyForDeploymentPostprocessing = 0;
		};
		D33F7E87230FD53C00AB4755 /* Resources */ = {
			isa = PBXResourcesBuildPhase;
			buildActionMask = 2147483647;
			files = (
			);
			runOnlyForDeploymentPostprocessing = 0;
		};
/* End PBXResourcesBuildPhase section */

/* Begin PBXShellScriptBuildPhase section */
		20B82AE7CB82B4D7CAF65E5F /* [CP] Embed Pods Frameworks */ = {
			isa = PBXShellScriptBuildPhase;
			buildActionMask = 2147483647;
			files = (
			);
			inputFileListPaths = (
				"${PODS_ROOT}/Target Support Files/Pods-PhotoSharer/Pods-PhotoSharer-frameworks-${CONFIGURATION}-input-files.xcfilelist",
			);
			name = "[CP] Embed Pods Frameworks";
			outputFileListPaths = (
				"${PODS_ROOT}/Target Support Files/Pods-PhotoSharer/Pods-PhotoSharer-frameworks-${CONFIGURATION}-output-files.xcfilelist",
			);
			runOnlyForDeploymentPostprocessing = 0;
			shellPath = /bin/sh;
			shellScript = "\"${PODS_ROOT}/Target Support Files/Pods-PhotoSharer/Pods-PhotoSharer-frameworks.sh\"\n";
			showEnvVarsInLog = 0;
		};
		650FC8C576407548FBD2B765 /* [CP] Copy Pods Resources */ = {
			isa = PBXShellScriptBuildPhase;
			buildActionMask = 2147483647;
			files = (
			);
			inputFileListPaths = (
				"${PODS_ROOT}/Target Support Files/Pods-PhotoSharer/Pods-PhotoSharer-resources-${CONFIGURATION}-input-files.xcfilelist",
			);
			name = "[CP] Copy Pods Resources";
			outputFileListPaths = (
				"${PODS_ROOT}/Target Support Files/Pods-PhotoSharer/Pods-PhotoSharer-resources-${CONFIGURATION}-output-files.xcfilelist",
			);
			runOnlyForDeploymentPostprocessing = 0;
			shellPath = /bin/sh;
			shellScript = "\"${PODS_ROOT}/Target Support Files/Pods-PhotoSharer/Pods-PhotoSharer-resources.sh\"\n";
			showEnvVarsInLog = 0;
		};
		B75CFFE63182ABF06A700ECB /* [CP] Check Pods Manifest.lock */ = {
			isa = PBXShellScriptBuildPhase;
			buildActionMask = 2147483647;
			files = (
			);
			inputFileListPaths = (
			);
			inputPaths = (
				"${PODS_PODFILE_DIR_PATH}/Podfile.lock",
				"${PODS_ROOT}/Manifest.lock",
			);
			name = "[CP] Check Pods Manifest.lock";
			outputFileListPaths = (
			);
			outputPaths = (
				"$(DERIVED_FILE_DIR)/Pods-PhotoSharer-checkManifestLockResult.txt",
			);
			runOnlyForDeploymentPostprocessing = 0;
			shellPath = /bin/sh;
			shellScript = "diff \"${PODS_PODFILE_DIR_PATH}/Podfile.lock\" \"${PODS_ROOT}/Manifest.lock\" > /dev/null\nif [ $? != 0 ] ; then\n    # print error to STDERR\n    echo \"error: The sandbox is not in sync with the Podfile.lock. Run 'pod install' or update your CocoaPods installation.\" >&2\n    exit 1\nfi\n# This output is used by Xcode 'outputs' to avoid re-running this script phase.\necho \"SUCCESS\" > \"${SCRIPT_OUTPUT_FILE_0}\"\n";
			showEnvVarsInLog = 0;
		};
/* End PBXShellScriptBuildPhase section */

/* Begin PBXSourcesBuildPhase section */
		D33F7E66230FD53A00AB4755 /* Sources */ = {
			isa = PBXSourcesBuildPhase;
			buildActionMask = 2147483647;
			files = (
				D33F7E9C230FE62000AB4755 /* ImagePickerCell.swift in Sources */,
				D33F7E70230FD53A00AB4755 /* ViewController.swift in Sources */,
				D33F7E6E230FD53A00AB4755 /* AppDelegate.swift in Sources */,
			);
			runOnlyForDeploymentPostprocessing = 0;
		};
		D33F7E7A230FD53C00AB4755 /* Sources */ = {
			isa = PBXSourcesBuildPhase;
			buildActionMask = 2147483647;
			files = (
				D33F7E83230FD53C00AB4755 /* PhotoSharerTests.swift in Sources */,
			);
			runOnlyForDeploymentPostprocessing = 0;
		};
		D33F7E85230FD53C00AB4755 /* Sources */ = {
			isa = PBXSourcesBuildPhase;
			buildActionMask = 2147483647;
			files = (
				D33F7E8E230FD53C00AB4755 /* PhotoSharerUITests.swift in Sources */,
			);
			runOnlyForDeploymentPostprocessing = 0;
		};
/* End PBXSourcesBuildPhase section */

/* Begin PBXTargetDependency section */
		D33F7E80230FD53C00AB4755 /* PBXTargetDependency */ = {
			isa = PBXTargetDependency;
			target = D33F7E69230FD53A00AB4755 /* PhotoSharer */;
			targetProxy = D33F7E7F230FD53C00AB4755 /* PBXContainerItemProxy */;
		};
		D33F7E8B230FD53C00AB4755 /* PBXTargetDependency */ = {
			isa = PBXTargetDependency;
			target = D33F7E69230FD53A00AB4755 /* PhotoSharer */;
			targetProxy = D33F7E8A230FD53C00AB4755 /* PBXContainerItemProxy */;
		};
/* End PBXTargetDependency section */

/* Begin PBXVariantGroup section */
		D33F7E71230FD53A00AB4755 /* Main.storyboard */ = {
			isa = PBXVariantGroup;
			children = (
				D33F7E72230FD53A00AB4755 /* Base */,
			);
			name = Main.storyboard;
			sourceTree = "<group>";
		};
		D33F7E76230FD53B00AB4755 /* LaunchScreen.storyboard */ = {
			isa = PBXVariantGroup;
			children = (
				D33F7E77230FD53B00AB4755 /* Base */,
			);
			name = LaunchScreen.storyboard;
			sourceTree = "<group>";
		};
/* End PBXVariantGroup section */

/* Begin XCBuildConfiguration section */
		D33F7E90230FD53C00AB4755 /* Debug */ = {
			isa = XCBuildConfiguration;
			buildSettings = {
				ALWAYS_SEARCH_USER_PATHS = NO;
				CLANG_ANALYZER_NONNULL = YES;
				CLANG_ANALYZER_NUMBER_OBJECT_CONVERSION = YES_AGGRESSIVE;
				CLANG_CXX_LANGUAGE_STANDARD = "gnu++14";
				CLANG_CXX_LIBRARY = "libc++";
				CLANG_ENABLE_MODULES = YES;
				CLANG_ENABLE_OBJC_ARC = YES;
				CLANG_ENABLE_OBJC_WEAK = YES;
				CLANG_WARN_BLOCK_CAPTURE_AUTORELEASING = YES;
				CLANG_WARN_BOOL_CONVERSION = YES;
				CLANG_WARN_COMMA = YES;
				CLANG_WARN_CONSTANT_CONVERSION = YES;
				CLANG_WARN_DEPRECATED_OBJC_IMPLEMENTATIONS = YES;
				CLANG_WARN_DIRECT_OBJC_ISA_USAGE = YES_ERROR;
				CLANG_WARN_DOCUMENTATION_COMMENTS = YES;
				CLANG_WARN_EMPTY_BODY = YES;
				CLANG_WARN_ENUM_CONVERSION = YES;
				CLANG_WARN_INFINITE_RECURSION = YES;
				CLANG_WARN_INT_CONVERSION = YES;
				CLANG_WARN_NON_LITERAL_NULL_CONVERSION = YES;
				CLANG_WARN_OBJC_IMPLICIT_RETAIN_SELF = YES;
				CLANG_WARN_OBJC_LITERAL_CONVERSION = YES;
				CLANG_WARN_OBJC_ROOT_CLASS = YES_ERROR;
				CLANG_WARN_RANGE_LOOP_ANALYSIS = YES;
				CLANG_WARN_STRICT_PROTOTYPES = YES;
				CLANG_WARN_SUSPICIOUS_MOVE = YES;
				CLANG_WARN_UNGUARDED_AVAILABILITY = YES_AGGRESSIVE;
				CLANG_WARN_UNREACHABLE_CODE = YES;
				CLANG_WARN__DUPLICATE_METHOD_MATCH = YES;
				CODE_SIGN_IDENTITY = "iPhone Developer";
				COPY_PHASE_STRIP = NO;
				DEBUG_INFORMATION_FORMAT = dwarf;
				ENABLE_STRICT_OBJC_MSGSEND = YES;
				ENABLE_TESTABILITY = YES;
				GCC_C_LANGUAGE_STANDARD = gnu11;
				GCC_DYNAMIC_NO_PIC = NO;
				GCC_NO_COMMON_BLOCKS = YES;
				GCC_OPTIMIZATION_LEVEL = 0;
				GCC_PREPROCESSOR_DEFINITIONS = (
					"DEBUG=1",
					"$(inherited)",
				);
				GCC_WARN_64_TO_32_BIT_CONVERSION = YES;
				GCC_WARN_ABOUT_RETURN_TYPE = YES_ERROR;
				GCC_WARN_UNDECLARED_SELECTOR = YES;
				GCC_WARN_UNINITIALIZED_AUTOS = YES_AGGRESSIVE;
				GCC_WARN_UNUSED_FUNCTION = YES;
				GCC_WARN_UNUSED_VARIABLE = YES;
				IPHONEOS_DEPLOYMENT_TARGET = 12.1;
				MTL_ENABLE_DEBUG_INFO = INCLUDE_SOURCE;
				MTL_FAST_MATH = YES;
				ONLY_ACTIVE_ARCH = YES;
				SDKROOT = iphoneos;
				SWIFT_ACTIVE_COMPILATION_CONDITIONS = DEBUG;
				SWIFT_OPTIMIZATION_LEVEL = "-Onone";
			};
			name = Debug;
		};
		D33F7E91230FD53C00AB4755 /* Release */ = {
			isa = XCBuildConfiguration;
			buildSettings = {
				ALWAYS_SEARCH_USER_PATHS = NO;
				CLANG_ANALYZER_NONNULL = YES;
				CLANG_ANALYZER_NUMBER_OBJECT_CONVERSION = YES_AGGRESSIVE;
				CLANG_CXX_LANGUAGE_STANDARD = "gnu++14";
				CLANG_CXX_LIBRARY = "libc++";
				CLANG_ENABLE_MODULES = YES;
				CLANG_ENABLE_OBJC_ARC = YES;
				CLANG_ENABLE_OBJC_WEAK = YES;
				CLANG_WARN_BLOCK_CAPTURE_AUTORELEASING = YES;
				CLANG_WARN_BOOL_CONVERSION = YES;
				CLANG_WARN_COMMA = YES;
				CLANG_WARN_CONSTANT_CONVERSION = YES;
				CLANG_WARN_DEPRECATED_OBJC_IMPLEMENTATIONS = YES;
				CLANG_WARN_DIRECT_OBJC_ISA_USAGE = YES_ERROR;
				CLANG_WARN_DOCUMENTATION_COMMENTS = YES;
				CLANG_WARN_EMPTY_BODY = YES;
				CLANG_WARN_ENUM_CONVERSION = YES;
				CLANG_WARN_INFINITE_RECURSION = YES;
				CLANG_WARN_INT_CONVERSION = YES;
				CLANG_WARN_NON_LITERAL_NULL_CONVERSION = YES;
				CLANG_WARN_OBJC_IMPLICIT_RETAIN_SELF = YES;
				CLANG_WARN_OBJC_LITERAL_CONVERSION = YES;
				CLANG_WARN_OBJC_ROOT_CLASS = YES_ERROR;
				CLANG_WARN_RANGE_LOOP_ANALYSIS = YES;
				CLANG_WARN_STRICT_PROTOTYPES = YES;
				CLANG_WARN_SUSPICIOUS_MOVE = YES;
				CLANG_WARN_UNGUARDED_AVAILABILITY = YES_AGGRESSIVE;
				CLANG_WARN_UNREACHABLE_CODE = YES;
				CLANG_WARN__DUPLICATE_METHOD_MATCH = YES;
				CODE_SIGN_IDENTITY = "iPhone Developer";
				COPY_PHASE_STRIP = NO;
				DEBUG_INFORMATION_FORMAT = "dwarf-with-dsym";
				ENABLE_NS_ASSERTIONS = NO;
				ENABLE_STRICT_OBJC_MSGSEND = YES;
				GCC_C_LANGUAGE_STANDARD = gnu11;
				GCC_NO_COMMON_BLOCKS = YES;
				GCC_WARN_64_TO_32_BIT_CONVERSION = YES;
				GCC_WARN_ABOUT_RETURN_TYPE = YES_ERROR;
				GCC_WARN_UNDECLARED_SELECTOR = YES;
				GCC_WARN_UNINITIALIZED_AUTOS = YES_AGGRESSIVE;
				GCC_WARN_UNUSED_FUNCTION = YES;
				GCC_WARN_UNUSED_VARIABLE = YES;
				IPHONEOS_DEPLOYMENT_TARGET = 12.1;
				MTL_ENABLE_DEBUG_INFO = NO;
				MTL_FAST_MATH = YES;
				SDKROOT = iphoneos;
				SWIFT_COMPILATION_MODE = wholemodule;
				SWIFT_OPTIMIZATION_LEVEL = "-O";
				VALIDATE_PRODUCT = YES;
			};
			name = Release;
		};
		D33F7E93230FD53C00AB4755 /* Debug */ = {
			isa = XCBuildConfiguration;
			baseConfigurationReference = 20C968F5FF721892212B7DCE /* Pods-PhotoSharer.debug.xcconfig */;
			buildSettings = {
				ASSETCATALOG_COMPILER_APPICON_NAME = AppIcon;
				CODE_SIGN_STYLE = Automatic;
				INFOPLIST_FILE = PhotoSharer/Info.plist;
				LD_RUNPATH_SEARCH_PATHS = (
					"$(inherited)",
					"@executable_path/Frameworks",
				);
				PRODUCT_BUNDLE_IDENTIFIER = dev.PhotoSharer;
				PRODUCT_NAME = "$(TARGET_NAME)";
				SWIFT_VERSION = 4.2;
				TARGETED_DEVICE_FAMILY = "1,2";
			};
			name = Debug;
		};
		D33F7E94230FD53C00AB4755 /* Release */ = {
			isa = XCBuildConfiguration;
			baseConfigurationReference = 5DDD82BDA9DAABE8980CEB1F /* Pods-PhotoSharer.release.xcconfig */;
			buildSettings = {
				ASSETCATALOG_COMPILER_APPICON_NAME = AppIcon;
				CODE_SIGN_STYLE = Automatic;
				INFOPLIST_FILE = PhotoSharer/Info.plist;
				LD_RUNPATH_SEARCH_PATHS = (
					"$(inherited)",
					"@executable_path/Frameworks",
				);
				PRODUCT_BUNDLE_IDENTIFIER = dev.PhotoSharer;
				PRODUCT_NAME = "$(TARGET_NAME)";
				SWIFT_VERSION = 4.2;
				TARGETED_DEVICE_FAMILY = "1,2";
			};
			name = Release;
		};
		D33F7E96230FD53C00AB4755 /* Debug */ = {
			isa = XCBuildConfiguration;
			buildSettings = {
				ALWAYS_EMBED_SWIFT_STANDARD_LIBRARIES = YES;
				BUNDLE_LOADER = "$(TEST_HOST)";
				CODE_SIGN_STYLE = Automatic;
				INFOPLIST_FILE = PhotoSharerTests/Info.plist;
				LD_RUNPATH_SEARCH_PATHS = (
					"$(inherited)",
					"@executable_path/Frameworks",
					"@loader_path/Frameworks",
				);
				PRODUCT_BUNDLE_IDENTIFIER = dev.PhotoSharerTests;
				PRODUCT_NAME = "$(TARGET_NAME)";
				SWIFT_VERSION = 4.2;
				TARGETED_DEVICE_FAMILY = "1,2";
				TEST_HOST = "$(BUILT_PRODUCTS_DIR)/PhotoSharer.app/PhotoSharer";
			};
			name = Debug;
		};
		D33F7E97230FD53C00AB4755 /* Release */ = {
			isa = XCBuildConfiguration;
			buildSettings = {
				ALWAYS_EMBED_SWIFT_STANDARD_LIBRARIES = YES;
				BUNDLE_LOADER = "$(TEST_HOST)";
				CODE_SIGN_STYLE = Automatic;
				INFOPLIST_FILE = PhotoSharerTests/Info.plist;
				LD_RUNPATH_SEARCH_PATHS = (
					"$(inherited)",
					"@executable_path/Frameworks",
					"@loader_path/Frameworks",
				);
				PRODUCT_BUNDLE_IDENTIFIER = dev.PhotoSharerTests;
				PRODUCT_NAME = "$(TARGET_NAME)";
				SWIFT_VERSION = 4.2;
				TARGETED_DEVICE_FAMILY = "1,2";
				TEST_HOST = "$(BUILT_PRODUCTS_DIR)/PhotoSharer.app/PhotoSharer";
			};
			name = Release;
		};
		D33F7E99230FD53C00AB4755 /* Debug */ = {
			isa = XCBuildConfiguration;
			buildSettings = {
				ALWAYS_EMBED_SWIFT_STANDARD_LIBRARIES = YES;
				CODE_SIGN_STYLE = Automatic;
				INFOPLIST_FILE = PhotoSharerUITests/Info.plist;
				LD_RUNPATH_SEARCH_PATHS = (
					"$(inherited)",
					"@executable_path/Frameworks",
					"@loader_path/Frameworks",
				);
				PRODUCT_BUNDLE_IDENTIFIER = dev.PhotoSharerUITests;
				PRODUCT_NAME = "$(TARGET_NAME)";
				SWIFT_VERSION = 4.2;
				TARGETED_DEVICE_FAMILY = "1,2";
				TEST_TARGET_NAME = PhotoSharer;
			};
			name = Debug;
		};
		D33F7E9A230FD53C00AB4755 /* Release */ = {
			isa = XCBuildConfiguration;
			buildSettings = {
				ALWAYS_EMBED_SWIFT_STANDARD_LIBRARIES = YES;
				CODE_SIGN_STYLE = Automatic;
				INFOPLIST_FILE = PhotoSharerUITests/Info.plist;
				LD_RUNPATH_SEARCH_PATHS = (
					"$(inherited)",
					"@executable_path/Frameworks",
					"@loader_path/Frameworks",
				);
				PRODUCT_BUNDLE_IDENTIFIER = dev.PhotoSharerUITests;
				PRODUCT_NAME = "$(TARGET_NAME)";
				SWIFT_VERSION = 4.2;
				TARGETED_DEVICE_FAMILY = "1,2";
				TEST_TARGET_NAME = PhotoSharer;
			};
			name = Release;
		};
/* End XCBuildConfiguration section */

/* Begin XCConfigurationList section */
		D33F7E65230FD53A00AB4755 /* Build configuration list for PBXProject "PhotoSharer" */ = {
			isa = XCConfigurationList;
			buildConfigurations = (
				D33F7E90230FD53C00AB4755 /* Debug */,
				D33F7E91230FD53C00AB4755 /* Release */,
			);
			defaultConfigurationIsVisible = 0;
			defaultConfigurationName = Release;
		};
		D33F7E92230FD53C00AB4755 /* Build configuration list for PBXNativeTarget "PhotoSharer" */ = {
			isa = XCConfigurationList;
			buildConfigurations = (
				D33F7E93230FD53C00AB4755 /* Debug */,
				D33F7E94230FD53C00AB4755 /* Release */,
			);
			defaultConfigurationIsVisible = 0;
			defaultConfigurationName = Release;
		};
		D33F7E95230FD53C00AB4755 /* Build configuration list for PBXNativeTarget "PhotoSharerTests" */ = {
			isa = XCConfigurationList;
			buildConfigurations = (
				D33F7E96230FD53C00AB4755 /* Debug */,
				D33F7E97230FD53C00AB4755 /* Release */,
			);
			defaultConfigurationIsVisible = 0;
			defaultConfigurationName = Release;
		};
		D33F7E98230FD53C00AB4755 /* Build configuration list for PBXNativeTarget "PhotoSharerUITests" */ = {
			isa = XCConfigurationList;
			buildConfigurations = (
				D33F7E99230FD53C00AB4755 /* Debug */,
				D33F7E9A230FD53C00AB4755 /* Release */,
			);
			defaultConfigurationIsVisible = 0;
			defaultConfigurationName = Release;
		};
/* End XCConfigurationList section */
	};
	rootObject = D33F7E62230FD53A00AB4755 /* Project object */;
}
